
Microsoft Visual Studio Solution File, Format Version 12.00
# Visual Studio Version 16
VisualStudioVersion = 16.0.30907.101
MinimumVisualStudioVersion = 10.0.40219.1
Project("{FAE04EC0-301F-11D3-BF4B-00C04F79EFBC}") = "Assignment2_DIS_SK", "Assignment2_DIS_SK\Assignment2_DIS_SK.csproj", "{DBFD2EEB-CAB7-47DC-848E-C033F1FD003F}"
EndProject
Global
	GlobalSection(SolutionConfigurationPlatforms) = preSolution
		Debug|Any CPU = Debug|Any CPU
		Release|Any CPU = Release|Any CPU
	EndGlobalSection
	GlobalSection(ProjectConfigurationPlatforms) = postSolution
		{DBFD2EEB-CAB7-47DC-848E-C033F1FD003F}.Debug|Any CPU.ActiveCfg = Debug|Any CPU
		{DBFD2EEB-CAB7-47DC-848E-C033F1FD003F}.Debug|Any CPU.Build.0 = Debug|Any CPU
		{DBFD2EEB-CAB7-47DC-848E-C033F1FD003F}.Release|Any CPU.ActiveCfg = Release|Any CPU
		{DBFD2EEB-CAB7-47DC-848E-C033F1FD003F}.Release|Any CPU.Build.0 = Release|Any CPU
	EndGlobalSection
	GlobalSection(SolutionProperties) = preSolution
		HideSolutionNode = FALSE
	EndGlobalSection
	GlobalSection(ExtensibilityGlobals) = postSolution
		SolutionGuid = {F065DA0D-8DE0-4278-9597-B2DDDAF5AD7A}
	EndGlobalSection
EndGlobal
